
Microsoft Visual Studio Solution File, Format Version 12.00
# Visual Studio Version 17
VisualStudioVersion = 17.5.002.0
MinimumVisualStudioVersion = 10.0.40219.1
Project("{2150E333-8FDC-42A3-9474-1A3956D46DE8}") = "ResiliencyDemo", "ResiliencyDemo", "{53D55050-E89A-415A-89EB-DB2C470C7B76}"
EndProject
Project("{9A19103F-16F7-4668-BE54-9A1E7A4F7556}") = "AppA", "ResiliencyDemo\AppA\AppA.csproj", "{9C04B562-2833-4B3B-A7BF-4A97B3C8C89B}"
EndProject
Project("{9A19103F-16F7-4668-BE54-9A1E7A4F7556}") = "AppB", "ResiliencyDemo\AppB\AppB.csproj", "{AA7348A5-2522-4675-9DEA-E8FB0A81C9E6}"
EndProject
Project("{2150E333-8FDC-42A3-9474-1A3956D46DE8}") = "WorkflowDemo", "WorkflowDemo", "{F3C70B85-2697-4CCF-B549-4F24210183A5}"
EndProject
Project("{9A19103F-16F7-4668-BE54-9A1E7A4F7556}") = "Shipping", "WorkflowDemo\ShippingApp\Shipping.csproj", "{D6575D8C-899C-455C-9D35-344946EC78D9}"
EndProject
Project("{9A19103F-16F7-4668-BE54-9A1E7A4F7556}") = "WorkflowApp", "WorkflowDemo\WorkflowApp\WorkflowApp.csproj", "{556B972C-A581-4EA5-B669-2BA47B478467}"
EndProject
Global
	GlobalSection(SolutionConfigurationPlatforms) = preSolution
		Debug|Any CPU = Debug|Any CPU
		Release|Any CPU = Release|Any CPU
	EndGlobalSection
	GlobalSection(ProjectConfigurationPlatforms) = postSolution
		{9C04B562-2833-4B3B-A7BF-4A97B3C8C89B}.Debug|Any CPU.ActiveCfg = Debug|Any CPU
		{9C04B562-2833-4B3B-A7BF-4A97B3C8C89B}.Debug|Any CPU.Build.0 = Debug|Any CPU
		{9C04B562-2833-4B3B-A7BF-4A97B3C8C89B}.Release|Any CPU.ActiveCfg = Release|Any CPU
		{9C04B562-2833-4B3B-A7BF-4A97B3C8C89B}.Release|Any CPU.Build.0 = Release|Any CPU
		{AA7348A5-2522-4675-9DEA-E8FB0A81C9E6}.Debug|Any CPU.ActiveCfg = Debug|Any CPU
		{AA7348A5-2522-4675-9DEA-E8FB0A81C9E6}.Debug|Any CPU.Build.0 = Debug|Any CPU
		{AA7348A5-2522-4675-9DEA-E8FB0A81C9E6}.Release|Any CPU.ActiveCfg = Release|Any CPU
		{AA7348A5-2522-4675-9DEA-E8FB0A81C9E6}.Release|Any CPU.Build.0 = Release|Any CPU
		{D6575D8C-899C-455C-9D35-344946EC78D9}.Debug|Any CPU.ActiveCfg = Debug|Any CPU
		{D6575D8C-899C-455C-9D35-344946EC78D9}.Debug|Any CPU.Build.0 = Debug|Any CPU
		{D6575D8C-899C-455C-9D35-344946EC78D9}.Release|Any CPU.ActiveCfg = Release|Any CPU
		{D6575D8C-899C-455C-9D35-344946EC78D9}.Release|Any CPU.Build.0 = Release|Any CPU
		{556B972C-A581-4EA5-B669-2BA47B478467}.Debug|Any CPU.ActiveCfg = Debug|Any CPU
		{556B972C-A581-4EA5-B669-2BA47B478467}.Debug|Any CPU.Build.0 = Debug|Any CPU
		{556B972C-A581-4EA5-B669-2BA47B478467}.Release|Any CPU.ActiveCfg = Release|Any CPU
		{556B972C-A581-4EA5-B669-2BA47B478467}.Release|Any CPU.Build.0 = Release|Any CPU
	EndGlobalSection
	GlobalSection(SolutionProperties) = preSolution
		HideSolutionNode = FALSE
	EndGlobalSection
	GlobalSection(NestedProjects) = preSolution
		{9C04B562-2833-4B3B-A7BF-4A97B3C8C89B} = {53D55050-E89A-415A-89EB-DB2C470C7B76}
		{AA7348A5-2522-4675-9DEA-E8FB0A81C9E6} = {53D55050-E89A-415A-89EB-DB2C470C7B76}
		{D6575D8C-899C-455C-9D35-344946EC78D9} = {F3C70B85-2697-4CCF-B549-4F24210183A5}
		{556B972C-A581-4EA5-B669-2BA47B478467} = {F3C70B85-2697-4CCF-B549-4F24210183A5}
	EndGlobalSection
	GlobalSection(ExtensibilityGlobals) = postSolution
		SolutionGuid = {4AC4E64D-EBC5-408F-BB83-78CD8918D5B3}
	EndGlobalSection
EndGlobal
