
Microsoft Visual Studio Solution File, Format Version 12.00
# Visual Studio Version 17
VisualStudioVersion = 17.5.002.0
MinimumVisualStudioVersion = 10.0.40219.1
Project("{2150E333-8FDC-42A3-9474-1A3956D46DE8}") = "ResiliencyDemo", "ResiliencyDemo", "{B403581B-2DB8-4A8D-B6C0-EAACA032C786}"
EndProject
Project("{9A19103F-16F7-4668-BE54-9A1E7A4F7556}") = "ResiliencyDemoApp", "ResiliencyDemo\ResiliencyDemoApp\ResiliencyDemoApp.csproj", "{9679CA28-3AA8-4E67-8FDF-208A8449E1F0}"
EndProject
Global
	GlobalSection(SolutionConfigurationPlatforms) = preSolution
		Debug|Any CPU = Debug|Any CPU
		Release|Any CPU = Release|Any CPU
	EndGlobalSection
	GlobalSection(ProjectConfigurationPlatforms) = postSolution
		{9679CA28-3AA8-4E67-8FDF-208A8449E1F0}.Debug|Any CPU.ActiveCfg = Debug|Any CPU
		{9679CA28-3AA8-4E67-8FDF-208A8449E1F0}.Debug|Any CPU.Build.0 = Debug|Any CPU
		{9679CA28-3AA8-4E67-8FDF-208A8449E1F0}.Release|Any CPU.ActiveCfg = Release|Any CPU
		{9679CA28-3AA8-4E67-8FDF-208A8449E1F0}.Release|Any CPU.Build.0 = Release|Any CPU
	EndGlobalSection
	GlobalSection(SolutionProperties) = preSolution
		HideSolutionNode = FALSE
	EndGlobalSection
	GlobalSection(NestedProjects) = preSolution
		{9679CA28-3AA8-4E67-8FDF-208A8449E1F0} = {B403581B-2DB8-4A8D-B6C0-EAACA032C786}
	EndGlobalSection
	GlobalSection(ExtensibilityGlobals) = postSolution
		SolutionGuid = {53396194-85D6-47D1-B337-99E8F25E7D71}
	EndGlobalSection
EndGlobal
